
Microsoft Visual Studio Solution File, Format Version 12.00
# Visual Studio Version 17
VisualStudioVersion = 17.13.35825.156 d17.13
MinimumVisualStudioVersion = 10.0.40219.1
Project("{FAE04EC0-301F-11D3-BF4B-00C04F79EFBC}") = "PolyExample", "PolyExample.csproj", "{1286F4B4-96B3-415C-B39D-2CFD3F1980FC}"
EndProject
Global
	GlobalSection(SolutionConfigurationPlatforms) = preSolution
		Debug|Any CPU = Debug|Any CPU
		Release|Any CPU = Release|Any CPU
	EndGlobalSection
	GlobalSection(ProjectConfigurationPlatforms) = postSolution
		{1286F4B4-96B3-415C-B39D-2CFD3F1980FC}.Debug|Any CPU.ActiveCfg = Debug|Any CPU
		{1286F4B4-96B3-415C-B39D-2CFD3F1980FC}.Debug|Any CPU.Build.0 = Debug|Any CPU
		{1286F4B4-96B3-415C-B39D-2CFD3F1980FC}.Release|Any CPU.ActiveCfg = Release|Any CPU
		{1286F4B4-96B3-415C-B39D-2CFD3F1980FC}.Release|Any CPU.Build.0 = Release|Any CPU
	EndGlobalSection
	GlobalSection(SolutionProperties) = preSolution
		HideSolutionNode = FALSE
	EndGlobalSection
	GlobalSection(ExtensibilityGlobals) = postSolution
		SolutionGuid = {65B2C5DB-6578-4438-BD6F-DC602F57B532}
	EndGlobalSection
EndGlobal
